<?xml version="1.0" encoding="utf-8"?>
<Project ToolsVersion="4.0" xmlns="http://schemas.microsoft.com/developer/msbuild/2003">
  <ItemGroup>
    <ClCompile Include="p2Log.cpp">
      <Filter>Programacio 2 ===========</Filter>
    </ClCompile>
    <ClCompile Include="Dependencies\PugiXml\src\pugixml.cpp">
      <Filter>Desenvolupament  ========\Tools\PuguiXML</Filter>
    </ClCompile>
    <ClCompile Include="WalkingEnemy.cpp">
      <Filter>Desenvolupament  ========\Entities\Enemies</Filter>
    </ClCompile>
    <ClCompile Include="Pickups.cpp">
      <Filter>Desenvolupament  ========\Entities\PickUps</Filter>
    </ClCompile>
    <ClCompile Include="E_Player.cpp">
      <Filter>Desenvolupament  ========\Entities\Player</Filter>
    </ClCompile>
    <ClCompile Include="Audio.cpp">
      <Filter>Desenvolupament  ========\Modules</Filter>
    </ClCompile>
    <ClCompile Include="Collisions.cpp">
      <Filter>Desenvolupament  ========\Modules</Filter>
    </ClCompile>
    <ClCompile Include="FadeToBlack.cpp">
      <Filter>Desenvolupament  ========\Modules</Filter>
    </ClCompile>
    <ClCompile Include="Input.cpp">
      <Filter>Desenvolupament  ========\Modules</Filter>
    </ClCompile>
    <ClCompile Include="Map.cpp">
      <Filter>Desenvolupament  ========\Modules</Filter>
    </ClCompile>
    <ClCompile Include="Render.cpp">
      <Filter>Desenvolupament  ========\Modules</Filter>
    </ClCompile>
    <ClCompile Include="Textures.cpp">
      <Filter>Desenvolupament  ========\Modules</Filter>
    </ClCompile>
    <ClCompile Include="Window.cpp">
      <Filter>Desenvolupament  ========\Modules</Filter>
    </ClCompile>
    <ClCompile Include="Scene.cpp">
      <Filter>Desenvolupament  ========\Scenes</Filter>
    </ClCompile>
    <ClCompile Include="Main.cpp">
      <Filter>Desenvolupament  ========</Filter>
    </ClCompile>
    <ClCompile Include="Timer.cpp">
      <Filter>Desenvolupament  ========\Tools\Timers</Filter>
    </ClCompile>
    <ClCompile Include="Application.cpp">
      <Filter>Desenvolupament  ========</Filter>
    </ClCompile>
    <ClCompile Include="TitleScene.cpp">
      <Filter>Desenvolupament  ========\Scenes</Filter>
    </ClCompile>
  </ItemGroup>
  <ItemGroup>
    <ClInclude Include="p2Defs.h">
      <Filter>Programacio 2 ===========</Filter>
    </ClInclude>
    <ClInclude Include="p2List.h">
      <Filter>Programacio 2 ===========</Filter>
    </ClInclude>
    <ClInclude Include="p2Log.h">
      <Filter>Programacio 2 ===========</Filter>
    </ClInclude>
    <ClInclude Include="p2SString.h">
      <Filter>Programacio 2 ===========</Filter>
    </ClInclude>
    <ClInclude Include="p2Point.h">
      <Filter>Programacio 2 ===========</Filter>
    </ClInclude>
    <ClInclude Include="p2DynArray.h">
      <Filter>Programacio 2 ===========</Filter>
    </ClInclude>
    <ClInclude Include="p2Animation.h">
      <Filter>Programacio 2 ===========</Filter>
    </ClInclude>
    <ClInclude Include="Dependencies\PugiXml\src\pugiconfig.hpp">
      <Filter>Desenvolupament  ========\Tools\PuguiXML</Filter>
    </ClInclude>
    <ClInclude Include="Dependencies\PugiXml\src\pugixml.hpp">
      <Filter>Desenvolupament  ========\Tools\PuguiXML</Filter>
    </ClInclude>
    <ClInclude Include="WalkingEnemy.h">
      <Filter>Desenvolupament  ========\Entities\Enemies</Filter>
    </ClInclude>
    <ClInclude Include="Pickups.h">
      <Filter>Desenvolupament  ========\Entities\PickUps</Filter>
    </ClInclude>
    <ClInclude Include="E_Player.h">
      <Filter>Desenvolupament  ========\Entities\Player</Filter>
    </ClInclude>
    <ClInclude Include="Audio.h">
      <Filter>Desenvolupament  ========\Modules</Filter>
    </ClInclude>
    <ClInclude Include="Collisions.h">
      <Filter>Desenvolupament  ========\Modules</Filter>
    </ClInclude>
    <ClInclude Include="FadeToBlack.h">
      <Filter>Desenvolupament  ========\Modules</Filter>
    </ClInclude>
    <ClInclude Include="Input.h">
      <Filter>Desenvolupament  ========\Modules</Filter>
    </ClInclude>
    <ClInclude Include="Map.h">
      <Filter>Desenvolupament  ========\Modules</Filter>
    </ClInclude>
    <ClInclude Include="Render.h">
      <Filter>Desenvolupament  ========\Modules</Filter>
    </ClInclude>
    <ClInclude Include="Textures.h">
      <Filter>Desenvolupament  ========\Modules</Filter>
    </ClInclude>
    <ClInclude Include="Window.h">
      <Filter>Desenvolupament  ========\Modules</Filter>
    </ClInclude>
    <ClInclude Include="Scene.h">
      <Filter>Desenvolupament  ========\Scenes</Filter>
    </ClInclude>
    <ClInclude Include="Module.h">
      <Filter>Desenvolupament  ========</Filter>
    </ClInclude>
    <ClInclude Include="Timer.h">
      <Filter>Desenvolupament  ========\Tools\Timers</Filter>
    </ClInclude>
    <ClInclude Include="Application.h">
      <Filter>Desenvolupament  ========</Filter>
    </ClInclude>
    <ClInclude Include="TitleScene.h">
      <Filter>Desenvolupament  ========\Scenes</Filter>
    </ClInclude>
  </ItemGroup>
  <ItemGroup>
    <Filter Include="Programacio 2 ===========">
      <UniqueIdentifier>{a8bfab6a-5472-4969-943e-861a8b493f08}</UniqueIdentifier>
    </Filter>
    <Filter Include="Desenvolupament  ========">
      <UniqueIdentifier>{cb944693-b9d0-484c-bad2-02d5a7cdbec6}</UniqueIdentifier>
    </Filter>
    <Filter Include="Desenvolupament  ========\Tools">
      <UniqueIdentifier>{42c748be-4a37-49de-970f-5be811d06b38}</UniqueIdentifier>
    </Filter>
    <Filter Include="Desenvolupament  ========\Scenes">
      <UniqueIdentifier>{e07660eb-d36f-4cc9-af59-324d31c2f2f6}</UniqueIdentifier>
    </Filter>
    <Filter Include="Desenvolupament  ========\Modules">
      <UniqueIdentifier>{244722d1-90ce-423d-8e7a-556211865a32}</UniqueIdentifier>
    </Filter>
    <Filter Include="Desenvolupament  ========\Tools\PuguiXML">
      <UniqueIdentifier>{7cb78d67-17cc-45eb-af97-e2106becce7b}</UniqueIdentifier>
    </Filter>
    <Filter Include="Desenvolupament  ========\Tools\Timers">
      <UniqueIdentifier>{b4ddeef7-b2bd-4abe-9120-f686c0272e95}</UniqueIdentifier>
    </Filter>
    <Filter Include="Desenvolupament  ========\Entities">
      <UniqueIdentifier>{8af86e5d-a17c-47af-83fb-94fdb81e745a}</UniqueIdentifier>
    </Filter>
    <Filter Include="Desenvolupament  ========\Entities\PickUps">
      <UniqueIdentifier>{99dd4ab7-3728-4544-8466-93fc80c2215a}</UniqueIdentifier>
    </Filter>
    <Filter Include="Desenvolupament  ========\Entities\Player">
      <UniqueIdentifier>{5a779f0d-932c-4fd6-9cf0-40e262674dac}</UniqueIdentifier>
    </Filter>
    <Filter Include="Desenvolupament  ========\Entities\Enemies">
      <UniqueIdentifier>{1ac984ea-1b0c-4226-aa99-4f72b19a5a09}</UniqueIdentifier>
    </Filter>
  </ItemGroup>
</Project>